
Microsoft Visual Studio Solution File, Format Version 12.00
# Visual Studio Version 17
VisualStudioVersion = 17.5.002.0
MinimumVisualStudioVersion = 10.0.40219.1
Project("{9A19103F-16F7-4668-BE54-9A1E7A4F7556}") = "GameStore.Client", "GameStore.Client\GameStore.Client.csproj", "{B6E00B53-DDBF-4BDB-87CE-22A7ACDD066B}"
EndProject
Global
	GlobalSection(SolutionConfigurationPlatforms) = preSolution
		Debug|Any CPU = Debug|Any CPU
		Release|Any CPU = Release|Any CPU
	EndGlobalSection
	GlobalSection(ProjectConfigurationPlatforms) = postSolution
		{B6E00B53-DDBF-4BDB-87CE-22A7ACDD066B}.Debug|Any CPU.ActiveCfg = Debug|Any CPU
		{B6E00B53-DDBF-4BDB-87CE-22A7ACDD066B}.Debug|Any CPU.Build.0 = Debug|Any CPU
		{B6E00B53-DDBF-4BDB-87CE-22A7ACDD066B}.Release|Any CPU.ActiveCfg = Release|Any CPU
		{B6E00B53-DDBF-4BDB-87CE-22A7ACDD066B}.Release|Any CPU.Build.0 = Release|Any CPU
	EndGlobalSection
	GlobalSection(SolutionProperties) = preSolution
		HideSolutionNode = FALSE
	EndGlobalSection
	GlobalSection(ExtensibilityGlobals) = postSolution
		SolutionGuid = {4D037372-E968-409A-822F-06EC1C1641EC}
	EndGlobalSection
EndGlobal
